
Microsoft Visual Studio Solution File, Format Version 12.00
# Visual Studio Version 16
VisualStudioVersion = 16.0.29728.190
MinimumVisualStudioVersion = 10.0.40219.1
Project("{9A19103F-16F7-4668-BE54-9A1E7A4F7556}") = "OurStuffAddon", "OurStuffAddon.csproj", "{4A17A0A4-31C5-4357-9063-FA241AEDA226}"
EndProject
Global
	GlobalSection(SolutionConfigurationPlatforms) = preSolution
		Debug|Any CPU = Debug|Any CPU
		Release|Any CPU = Release|Any CPU
	EndGlobalSection
	GlobalSection(ProjectConfigurationPlatforms) = postSolution
		{4A17A0A4-31C5-4357-9063-FA241AEDA226}.Debug|Any CPU.ActiveCfg = Debug|Any CPU
		{4A17A0A4-31C5-4357-9063-FA241AEDA226}.Debug|Any CPU.Build.0 = Debug|Any CPU
		{4A17A0A4-31C5-4357-9063-FA241AEDA226}.Release|Any CPU.ActiveCfg = Release|Any CPU
		{4A17A0A4-31C5-4357-9063-FA241AEDA226}.Release|Any CPU.Build.0 = Release|Any CPU
	EndGlobalSection
	GlobalSection(SolutionProperties) = preSolution
		HideSolutionNode = FALSE
	EndGlobalSection
	GlobalSection(ExtensibilityGlobals) = postSolution
		SolutionGuid = {D50294B6-30DE-4C3E-B5BA-2FF6116AD9E8}
	EndGlobalSection
EndGlobal
